
Microsoft Visual Studio Solution File, Format Version 12.00
# Visual Studio Version 17
VisualStudioVersion = 17.7.34024.191
MinimumVisualStudioVersion = 10.0.40219.1
Project("{FAE04EC0-301F-11D3-BF4B-00C04F79EFBC}") = "Test", "Test\Test.csproj", "{BE9F4BB3-4552-4901-BF77-AC0F7AB4F08B}"
EndProject
Global
	GlobalSection(SolutionConfigurationPlatforms) = preSolution
		Debug|Any CPU = Debug|Any CPU
		Release|Any CPU = Release|Any CPU
	EndGlobalSection
	GlobalSection(ProjectConfigurationPlatforms) = postSolution
		{BE9F4BB3-4552-4901-BF77-AC0F7AB4F08B}.Debug|Any CPU.ActiveCfg = Debug|Any CPU
		{BE9F4BB3-4552-4901-BF77-AC0F7AB4F08B}.Debug|Any CPU.Build.0 = Debug|Any CPU
		{BE9F4BB3-4552-4901-BF77-AC0F7AB4F08B}.Release|Any CPU.ActiveCfg = Release|Any CPU
		{BE9F4BB3-4552-4901-BF77-AC0F7AB4F08B}.Release|Any CPU.Build.0 = Release|Any CPU
	EndGlobalSection
	GlobalSection(SolutionProperties) = preSolution
		HideSolutionNode = FALSE
	EndGlobalSection
	GlobalSection(ExtensibilityGlobals) = postSolution
		SolutionGuid = {115E0DB1-76C6-4BA7-A7EA-744F1E7A84DF}
	EndGlobalSection
EndGlobal
